
Microsoft Visual Studio Solution File, Format Version 12.00
# Visual Studio 15
Project("{FAE04EC0-301F-11D3-BF4B-00C04F79EFBC}") = "BookStore-API", "BookStore-API\BookStore-API.csproj", "{9FD11549-705A-4677-A895-62D320C54EF0}"
EndProject
Global
	GlobalSection(SolutionConfigurationPlatforms) = preSolution
		Debug|Any CPU = Debug|Any CPU
		Release|Any CPU = Release|Any CPU
	EndGlobalSection
	GlobalSection(ProjectConfigurationPlatforms) = postSolution
		{9FD11549-705A-4677-A895-62D320C54EF0}.Debug|Any CPU.ActiveCfg = Debug|Any CPU
		{9FD11549-705A-4677-A895-62D320C54EF0}.Debug|Any CPU.Build.0 = Debug|Any CPU
		{9FD11549-705A-4677-A895-62D320C54EF0}.Release|Any CPU.ActiveCfg = Release|Any CPU
		{9FD11549-705A-4677-A895-62D320C54EF0}.Release|Any CPU.Build.0 = Release|Any CPU
	EndGlobalSection
EndGlobal
